
Microsoft Visual Studio Solution File, Format Version 12.00
# Visual Studio 15
VisualStudioVersion = 15.0.27130.2020
MinimumVisualStudioVersion = 10.0.40219.1
Project("{FAE04EC0-301F-11D3-BF4B-00C04F79EFBC}") = "Sistema de Controle RH", "Sistema de Controle RH\Sistema de Controle RH.csproj", "{0CCAA779-020A-4906-80E9-2AEDB4019788}"
EndProject
Global
	GlobalSection(SolutionConfigurationPlatforms) = preSolution
		Debug|Any CPU = Debug|Any CPU
		Release|Any CPU = Release|Any CPU
	EndGlobalSection
	GlobalSection(ProjectConfigurationPlatforms) = postSolution
		{0CCAA779-020A-4906-80E9-2AEDB4019788}.Debug|Any CPU.ActiveCfg = Debug|Any CPU
		{0CCAA779-020A-4906-80E9-2AEDB4019788}.Debug|Any CPU.Build.0 = Debug|Any CPU
		{0CCAA779-020A-4906-80E9-2AEDB4019788}.Release|Any CPU.ActiveCfg = Release|Any CPU
		{0CCAA779-020A-4906-80E9-2AEDB4019788}.Release|Any CPU.Build.0 = Release|Any CPU
	EndGlobalSection
	GlobalSection(SolutionProperties) = preSolution
		HideSolutionNode = FALSE
	EndGlobalSection
	GlobalSection(ExtensibilityGlobals) = postSolution
		SolutionGuid = {9EEC0A0F-3F8C-4DEE-BAC0-A3962C414224}
	EndGlobalSection
EndGlobal
